
Microsoft Visual Studio Solution File, Format Version 12.00
# Visual Studio Version 17
VisualStudioVersion = 17.11.35219.272
MinimumVisualStudioVersion = 10.0.40219.1
Project("{FAE04EC0-301F-11D3-BF4B-00C04F79EFBC}") = "LinkedList", "LinkedList\LinkedList.csproj", "{C11BA650-9A89-4E3E-A46F-49059E6D421D}"
EndProject
Project("{FAE04EC0-301F-11D3-BF4B-00C04F79EFBC}") = "_LinkedList_Library", "_LinkedList_Library\_LinkedList_Library.csproj", "{4CAE074B-AA98-4DEC-ADDA-0F8722ABF620}"
EndProject
Global
	GlobalSection(SolutionConfigurationPlatforms) = preSolution
		Debug|Any CPU = Debug|Any CPU
		Release|Any CPU = Release|Any CPU
	EndGlobalSection
	GlobalSection(ProjectConfigurationPlatforms) = postSolution
		{C11BA650-9A89-4E3E-A46F-49059E6D421D}.Debug|Any CPU.ActiveCfg = Debug|Any CPU
		{C11BA650-9A89-4E3E-A46F-49059E6D421D}.Debug|Any CPU.Build.0 = Debug|Any CPU
		{C11BA650-9A89-4E3E-A46F-49059E6D421D}.Release|Any CPU.ActiveCfg = Release|Any CPU
		{C11BA650-9A89-4E3E-A46F-49059E6D421D}.Release|Any CPU.Build.0 = Release|Any CPU
		{4CAE074B-AA98-4DEC-ADDA-0F8722ABF620}.Debug|Any CPU.ActiveCfg = Debug|Any CPU
		{4CAE074B-AA98-4DEC-ADDA-0F8722ABF620}.Debug|Any CPU.Build.0 = Debug|Any CPU
		{4CAE074B-AA98-4DEC-ADDA-0F8722ABF620}.Release|Any CPU.ActiveCfg = Release|Any CPU
		{4CAE074B-AA98-4DEC-ADDA-0F8722ABF620}.Release|Any CPU.Build.0 = Release|Any CPU
	EndGlobalSection
	GlobalSection(SolutionProperties) = preSolution
		HideSolutionNode = FALSE
	EndGlobalSection
	GlobalSection(ExtensibilityGlobals) = postSolution
		SolutionGuid = {914C9245-A89A-48B5-998F-B666029B9CCF}
	EndGlobalSection
EndGlobal
