
Microsoft Visual Studio Solution File, Format Version 12.00
# Visual Studio Version 17
VisualStudioVersion = 17.0.31903.59
MinimumVisualStudioVersion = 10.0.40219.1
Project("{FAE04EC0-301F-11D3-BF4B-00C04F79EFBC}") = "Class_MYHashSet", "Class_MYHashSet\Class_MYHashSet.csproj", "{8A8963BD-7C01-44C4-9A91-A67730F77354}"
EndProject
Global
	GlobalSection(SolutionConfigurationPlatforms) = preSolution
		Debug|Any CPU = Debug|Any CPU
		Release|Any CPU = Release|Any CPU
	EndGlobalSection
	GlobalSection(ProjectConfigurationPlatforms) = postSolution
		{8A8963BD-7C01-44C4-9A91-A67730F77354}.Debug|Any CPU.ActiveCfg = Debug|Any CPU
		{8A8963BD-7C01-44C4-9A91-A67730F77354}.Debug|Any CPU.Build.0 = Debug|Any CPU
		{8A8963BD-7C01-44C4-9A91-A67730F77354}.Release|Any CPU.ActiveCfg = Release|Any CPU
		{8A8963BD-7C01-44C4-9A91-A67730F77354}.Release|Any CPU.Build.0 = Release|Any CPU
	EndGlobalSection
	GlobalSection(SolutionProperties) = preSolution
		HideSolutionNode = FALSE
	EndGlobalSection
	GlobalSection(ExtensibilityGlobals) = postSolution
		SolutionGuid = {FBF65C49-E531-4344-BFFE-E9E01E206A21}
	EndGlobalSection
EndGlobal
