
Microsoft Visual Studio Solution File, Format Version 12.00
# Visual Studio Version 17
VisualStudioVersion = 17.11.35219.272
MinimumVisualStudioVersion = 10.0.40219.1
Project("{FAE04EC0-301F-11D3-BF4B-00C04F79EFBC}") = "14_task", "14_task\14_task.csproj", "{28BFEABF-0D10-4E2A-BF99-A4CF3BC1031F}"
EndProject
Global
	GlobalSection(SolutionConfigurationPlatforms) = preSolution
		Debug|Any CPU = Debug|Any CPU
		Release|Any CPU = Release|Any CPU
	EndGlobalSection
	GlobalSection(ProjectConfigurationPlatforms) = postSolution
		{28BFEABF-0D10-4E2A-BF99-A4CF3BC1031F}.Debug|Any CPU.ActiveCfg = Debug|Any CPU
		{28BFEABF-0D10-4E2A-BF99-A4CF3BC1031F}.Debug|Any CPU.Build.0 = Debug|Any CPU
		{28BFEABF-0D10-4E2A-BF99-A4CF3BC1031F}.Release|Any CPU.ActiveCfg = Release|Any CPU
		{28BFEABF-0D10-4E2A-BF99-A4CF3BC1031F}.Release|Any CPU.Build.0 = Release|Any CPU
	EndGlobalSection
	GlobalSection(SolutionProperties) = preSolution
		HideSolutionNode = FALSE
	EndGlobalSection
	GlobalSection(ExtensibilityGlobals) = postSolution
		SolutionGuid = {9D410DFB-F075-404D-A92B-38A1E9755BD9}
	EndGlobalSection
EndGlobal
