
Microsoft Visual Studio Solution File, Format Version 12.00
# Visual Studio Version 17
VisualStudioVersion = 17.11.35219.272
MinimumVisualStudioVersion = 10.0.40219.1
Project("{FAE04EC0-301F-11D3-BF4B-00C04F79EFBC}") = "polskaya_1", "polskaya_1\polskaya_1.csproj", "{A74B57AD-180B-4A7E-B060-1A8C75720A46}"
EndProject
Global
	GlobalSection(SolutionConfigurationPlatforms) = preSolution
		Debug|Any CPU = Debug|Any CPU
		Release|Any CPU = Release|Any CPU
	EndGlobalSection
	GlobalSection(ProjectConfigurationPlatforms) = postSolution
		{A74B57AD-180B-4A7E-B060-1A8C75720A46}.Debug|Any CPU.ActiveCfg = Debug|Any CPU
		{A74B57AD-180B-4A7E-B060-1A8C75720A46}.Debug|Any CPU.Build.0 = Debug|Any CPU
		{A74B57AD-180B-4A7E-B060-1A8C75720A46}.Release|Any CPU.ActiveCfg = Release|Any CPU
		{A74B57AD-180B-4A7E-B060-1A8C75720A46}.Release|Any CPU.Build.0 = Release|Any CPU
	EndGlobalSection
	GlobalSection(SolutionProperties) = preSolution
		HideSolutionNode = FALSE
	EndGlobalSection
	GlobalSection(ExtensibilityGlobals) = postSolution
		SolutionGuid = {307FDAB2-ED86-47FF-8B02-807E803254F2}
	EndGlobalSection
EndGlobal
