
Microsoft Visual Studio Solution File, Format Version 12.00
# Visual Studio Version 17
VisualStudioVersion = 17.0.31903.59
MinimumVisualStudioVersion = 10.0.40219.1
Project("{FAE04EC0-301F-11D3-BF4B-00C04F79EFBC}") = "compareHashTree", "compareHashTree\compareHashTree.csproj", "{E980DDF4-95EC-4DB8-8C94-6D08B0A179B3}"
EndProject
Global
	GlobalSection(SolutionConfigurationPlatforms) = preSolution
		Debug|Any CPU = Debug|Any CPU
		Release|Any CPU = Release|Any CPU
	EndGlobalSection
	GlobalSection(ProjectConfigurationPlatforms) = postSolution
		{E980DDF4-95EC-4DB8-8C94-6D08B0A179B3}.Debug|Any CPU.ActiveCfg = Debug|Any CPU
		{E980DDF4-95EC-4DB8-8C94-6D08B0A179B3}.Debug|Any CPU.Build.0 = Debug|Any CPU
		{E980DDF4-95EC-4DB8-8C94-6D08B0A179B3}.Release|Any CPU.ActiveCfg = Release|Any CPU
		{E980DDF4-95EC-4DB8-8C94-6D08B0A179B3}.Release|Any CPU.Build.0 = Release|Any CPU
	EndGlobalSection
	GlobalSection(SolutionProperties) = preSolution
		HideSolutionNode = FALSE
	EndGlobalSection
	GlobalSection(ExtensibilityGlobals) = postSolution
		SolutionGuid = {35B9C86B-AF93-4558-BCAB-33B470FFC9E7}
	EndGlobalSection
EndGlobal
