
Microsoft Visual Studio Solution File, Format Version 12.00
# Visual Studio Version 17
VisualStudioVersion = 17.11.35219.272
MinimumVisualStudioVersion = 10.0.40219.1
Project("{FAE04EC0-301F-11D3-BF4B-00C04F79EFBC}") = "Task_5", "Task_5\Task_5.csproj", "{08E9BB01-E835-4030-BC42-1A3BB021B4D0}"
EndProject
Global
	GlobalSection(SolutionConfigurationPlatforms) = preSolution
		Debug|Any CPU = Debug|Any CPU
		Release|Any CPU = Release|Any CPU
	EndGlobalSection
	GlobalSection(ProjectConfigurationPlatforms) = postSolution
		{08E9BB01-E835-4030-BC42-1A3BB021B4D0}.Debug|Any CPU.ActiveCfg = Debug|Any CPU
		{08E9BB01-E835-4030-BC42-1A3BB021B4D0}.Debug|Any CPU.Build.0 = Debug|Any CPU
		{08E9BB01-E835-4030-BC42-1A3BB021B4D0}.Release|Any CPU.ActiveCfg = Release|Any CPU
		{08E9BB01-E835-4030-BC42-1A3BB021B4D0}.Release|Any CPU.Build.0 = Release|Any CPU
	EndGlobalSection
	GlobalSection(SolutionProperties) = preSolution
		HideSolutionNode = FALSE
	EndGlobalSection
	GlobalSection(ExtensibilityGlobals) = postSolution
		SolutionGuid = {51AAAD67-A1E1-4690-AB6B-83C3C4E73813}
	EndGlobalSection
EndGlobal
